// !$*UTF8*$!
{
	archiveVersion = 1;
	classes = {
	};
	objectVersion = 46;
	objects = {

/* Begin PBXBuildFile section */
		ACF1CA011A73B891009E2790 /* AppDelegate.swift in Sources */ = {isa = PBXBuildFile; fileRef = ACF1CA001A73B891009E2790 /* AppDelegate.swift */; };
		ACF1CA031A73B891009E2790 /* ViewController.swift in Sources */ = {isa = PBXBuildFile; fileRef = ACF1CA021A73B891009E2790 /* ViewController.swift */; };
		ACF1CA061A73B891009E2790 /* Main.storyboard in Resources */ = {isa = PBXBuildFile; fileRef = ACF1CA041A73B891009E2790 /* Main.storyboard */; };
		ACF1CA081A73B891009E2790 /* Images.xcassets in Resources */ = {isa = PBXBuildFile; fileRef = ACF1CA071A73B891009E2790 /* Images.xcassets */; };
		ACF1CA0B1A73B891009E2790 /* LaunchScreen.xib in Resources */ = {isa = PBXBuildFile; fileRef = ACF1CA091A73B891009E2790 /* LaunchScreen.xib */; };
		ACF1CA171A73B891009E2790 /* AppContatosTests.swift in Sources */ = {isa = PBXBuildFile; fileRef = ACF1CA161A73B891009E2790 /* AppContatosTests.swift */; };
		ACF1CA211A73E283009E2790 /* SyncServer.swift in Sources */ = {isa = PBXBuildFile; fileRef = ACF1CA201A73E283009E2790 /* SyncServer.swift */; };
/* End PBXBuildFile section */

/* Begin PBXContainerItemProxy section */
		ACF1CA111A73B891009E2790 /* PBXContainerItemProxy */ = {
			isa = PBXContainerItemProxy;
			containerPortal = ACF1C9F31A73B891009E2790 /* Project object */;
			proxyType = 1;
			remoteGlobalIDString = ACF1C9FA1A73B891009E2790;
			remoteInfo = AppContatos;
		};
/* End PBXContainerItemProxy section */

/* Begin PBXFileReference section */
		ACF1C9FB1A73B891009E2790 /* AppContatos.app */ = {isa = PBXFileReference; explicitFileType = wrapper.application; includeInIndex = 0; path = AppContatos.app; sourceTree = BUILT_PRODUCTS_DIR; };
		ACF1C9FF1A73B891009E2790 /* Info.plist */ = {isa = PBXFileReference; lastKnownFileType = text.plist.xml; path = Info.plist; sourceTree = "<group>"; };
		ACF1CA001A73B891009E2790 /* AppDelegate.swift */ = {isa = PBXFileReference; lastKnownFileType = sourcecode.swift; path = AppDelegate.swift; sourceTree = "<group>"; };
		ACF1CA021A73B891009E2790 /* ViewController.swift */ = {isa = PBXFileReference; lastKnownFileType = sourcecode.swift; path = ViewController.swift; sourceTree = "<group>"; };
		ACF1CA051A73B891009E2790 /* Base */ = {isa = PBXFileReference; lastKnownFileType = file.storyboard; name = Base; path = Base.lproj/Main.storyboard; sourceTree = "<group>"; };
		ACF1CA071A73B891009E2790 /* Images.xcassets */ = {isa = PBXFileReference; lastKnownFileType = folder.assetcatalog; path = Images.xcassets; sourceTree = "<group>"; };
		ACF1CA0A1A73B891009E2790 /* Base */ = {isa = PBXFileReference; lastKnownFileType = file.xib; name = Base; path = Base.lproj/LaunchScreen.xib; sourceTree = "<group>"; };
		ACF1CA101A73B891009E2790 /* AppContatosTests.xctest */ = {isa = PBXFileReference; explicitFileType = wrapper.cfbundle; includeInIndex = 0; path = AppContatosTests.xctest; sourceTree = BUILT_PRODUCTS_DIR; };
		ACF1CA151A73B891009E2790 /* Info.plist */ = {isa = PBXFileReference; lastKnownFileType = text.plist.xml; path = Info.plist; sourceTree = "<group>"; };
		ACF1CA161A73B891009E2790 /* AppContatosTests.swift */ = {isa = PBXFileReference; lastKnownFileType = sourcecode.swift; path = AppContatosTests.swift; sourceTree = "<group>"; };
		ACF1CA201A73E283009E2790 /* SyncServer.swift */ = {isa = PBXFileReference; fileEncoding = 4; lastKnownFileType = sourcecode.swift; path = SyncServer.swift; sourceTree = "<group>"; };
/* End PBXFileReference section */

/* Begin PBXFrameworksBuildPhase section */
		ACF1C9F81A73B891009E2790 /* Frameworks */ = {
			isa = PBXFrameworksBuildPhase;
			buildActionMask = 2147483647;
			files = (
			);
			runOnlyForDeploymentPostprocessing = 0;
		};
		ACF1CA0D1A73B891009E2790 /* Frameworks */ = {
			isa = PBXFrameworksBuildPhase;
			buildActionMask = 2147483647;
			files = (
			);
			runOnlyForDeploymentPostprocessing = 0;
		};
/* End PBXFrameworksBuildPhase section */

/* Begin PBXGroup section */
		ACF1C9F21A73B891009E2790 = {
			isa = PBXGroup;
			children = (
				ACF1C9FD1A73B891009E2790 /* AppContatos */,
				ACF1CA131A73B891009E2790 /* AppContatosTests */,
				ACF1C9FC1A73B891009E2790 /* Products */,
			);
			sourceTree = "<group>";
		};
		ACF1C9FC1A73B891009E2790 /* Products */ = {
			isa = PBXGroup;
			children = (
				ACF1C9FB1A73B891009E2790 /* AppContatos.app */,
				ACF1CA101A73B891009E2790 /* AppContatosTests.xctest */,
			);
			name = Products;
			sourceTree = "<group>";
		};
		ACF1C9FD1A73B891009E2790 /* AppContatos */ = {
			isa = PBXGroup;
			children = (
				ACF1CA001A73B891009E2790 /* AppDelegate.swift */,
				ACF1CA201A73E283009E2790 /* SyncServer.swift */,
				ACF1CA021A73B891009E2790 /* ViewController.swift */,
				ACF1CA041A73B891009E2790 /* Main.storyboard */,
				ACF1CA071A73B891009E2790 /* Images.xcassets */,
				ACF1CA091A73B891009E2790 /* LaunchScreen.xib */,
				ACF1C9FE1A73B891009E2790 /* Supporting Files */,
			);
			path = AppContatos;
			sourceTree = "<group>";
		};
		ACF1C9FE1A73B891009E2790 /* Supporting Files */ = {
			isa = PBXGroup;
			children = (
				ACF1C9FF1A73B891009E2790 /* Info.plist */,
			);
			name = "Supporting Files";
			sourceTree = "<group>";
		};
		ACF1CA131A73B891009E2790 /* AppContatosTests */ = {
			isa = PBXGroup;
			children = (
				ACF1CA161A73B891009E2790 /* AppContatosTests.swift */,
				ACF1CA141A73B891009E2790 /* Supporting Files */,
			);
			path = AppContatosTests;
			sourceTree = "<group>";
		};
		ACF1CA141A73B891009E2790 /* Supporting Files */ = {
			isa = PBXGroup;
			children = (
				ACF1CA151A73B891009E2790 /* Info.plist */,
			);
			name = "Supporting Files";
			sourceTree = "<group>";
		};
/* End PBXGroup section */

/* Begin PBXNativeTarget section */
		ACF1C9FA1A73B891009E2790 /* AppContatos */ = {
			isa = PBXNativeTarget;
			buildConfigurationList = ACF1CA1A1A73B891009E2790 /* Build configuration list for PBXNativeTarget "AppContatos" */;
			buildPhases = (
				ACF1C9F71A73B891009E2790 /* Sources */,
				ACF1C9F81A73B891009E2790 /* Frameworks */,
				ACF1C9F91A73B891009E2790 /* Resources */,
			);
			buildRules = (
			);
			dependencies = (
			);
			name = AppContatos;
			productName = AppContatos;
			productReference = ACF1C9FB1A73B891009E2790 /* AppContatos.app */;
			productType = "com.apple.product-type.application";
		};
		ACF1CA0F1A73B891009E2790 /* AppContatosTests */ = {
			isa = PBXNativeTarget;
			buildConfigurationList = ACF1CA1D1A73B891009E2790 /* Build configuration list for PBXNativeTarget "AppContatosTests" */;
			buildPhases = (
				ACF1CA0C1A73B891009E2790 /* Sources */,
				ACF1CA0D1A73B891009E2790 /* Frameworks */,
				ACF1CA0E1A73B891009E2790 /* Resources */,
			);
			buildRules = (
			);
			dependencies = (
				ACF1CA121A73B891009E2790 /* PBXTargetDependency */,
			);
			name = AppContatosTests;
			productName = AppContatosTests;
			productReference = ACF1CA101A73B891009E2790 /* AppContatosTests.xctest */;
			productType = "com.apple.product-type.bundle.unit-test";
		};
/* End PBXNativeTarget section */

/* Begin PBXProject section */
		ACF1C9F31A73B891009E2790 /* Project object */ = {
			isa = PBXProject;
			attributes = {
				LastUpgradeCheck = 0610;
				ORGANIZATIONNAME = "Anderson Anzileiro";
				TargetAttributes = {
					ACF1C9FA1A73B891009E2790 = {
						CreatedOnToolsVersion = 6.1.1;
					};
					ACF1CA0F1A73B891009E2790 = {
						CreatedOnToolsVersion = 6.1.1;
						TestTargetID = ACF1C9FA1A73B891009E2790;
					};
				};
			};
			buildConfigurationList = ACF1C9F61A73B891009E2790 /* Build configuration list for PBXProject "AppContatos" */;
			compatibilityVersion = "Xcode 3.2";
			developmentRegion = English;
			hasScannedForEncodings = 0;
			knownRegions = (
				en,
				Base,
			);
			mainGroup = ACF1C9F21A73B891009E2790;
			productRefGroup = ACF1C9FC1A73B891009E2790 /* Products */;
			projectDirPath = "";
			projectRoot = "";
			targets = (
				ACF1C9FA1A73B891009E2790 /* AppContatos */,
				ACF1CA0F1A73B891009E2790 /* AppContatosTests */,
			);
		};
/* End PBXProject section */

/* Begin PBXResourcesBuildPhase section */
		ACF1C9F91A73B891009E2790 /* Resources */ = {
			isa = PBXResourcesBuildPhase;
			buildActionMask = 2147483647;
			files = (
				ACF1CA061A73B891009E2790 /* Main.storyboard in Resources */,
				ACF1CA0B1A73B891009E2790 /* LaunchScreen.xib in Resources */,
				ACF1CA081A73B891009E2790 /* Images.xcassets in Resources */,
			);
			runOnlyForDeploymentPostprocessing = 0;
		};
		ACF1CA0E1A73B891009E2790 /* Resources */ = {
			isa = PBXResourcesBuildPhase;
			buildActionMask = 2147483647;
			files = (
			);
			runOnlyForDeploymentPostprocessing = 0;
		};
/* End PBXResourcesBuildPhase section */

/* Begin PBXSourcesBuildPhase section */
		ACF1C9F71A73B891009E2790 /* Sources */ = {
			isa = PBXSourcesBuildPhase;
			buildActionMask = 2147483647;
			files = (
				ACF1CA031A73B891009E2790 /* ViewController.swift in Sources */,
				ACF1CA011A73B891009E2790 /* AppDelegate.swift in Sources */,
				ACF1CA211A73E283009E2790 /* SyncServer.swift in Sources */,
			);
			runOnlyForDeploymentPostprocessing = 0;
		};
		ACF1CA0C1A73B891009E2790 /* Sources */ = {
			isa = PBXSourcesBuildPhase;
			buildActionMask = 2147483647;
			files = (
				ACF1CA171A73B891009E2790 /* AppContatosTests.swift in Sources */,
			);
			runOnlyForDeploymentPostprocessing = 0;
		};
/* End PBXSourcesBuildPhase section */

/* Begin PBXTargetDependency section */
		ACF1CA121A73B891009E2790 /* PBXTargetDependency */ = {
			isa = PBXTargetDependency;
			target = ACF1C9FA1A73B891009E2790 /* AppContatos */;
			targetProxy = ACF1CA111A73B891009E2790 /* PBXContainerItemProxy */;
		};
/* End PBXTargetDependency section */

/* Begin PBXVariantGroup section */
		ACF1CA041A73B891009E2790 /* Main.storyboard */ = {
			isa = PBXVariantGroup;
			children = (
				ACF1CA051A73B891009E2790 /* Base */,
			);
			name = Main.storyboard;
			sourceTree = "<group>";
		};
		ACF1CA091A73B891009E2790 /* LaunchScreen.xib */ = {
			isa = PBXVariantGroup;
			children = (
				ACF1CA0A1A73B891009E2790 /* Base */,
			);
			name = LaunchScreen.xib;
			sourceTree = "<group>";
		};
/* End PBXVariantGroup section */

/* Begin XCBuildConfiguration section */
		ACF1CA181A73B891009E2790 /* Debug */ = {
			isa = XCBuildConfiguration;
			buildSettings = {
				ALWAYS_SEARCH_USER_PATHS = NO;
				CLANG_CXX_LANGUAGE_STANDARD = "gnu++0x";
				CLANG_CXX_LIBRARY = "libc++";
				CLANG_ENABLE_MODULES = YES;
				CLANG_ENABLE_OBJC_ARC = YES;
				CLANG_WARN_BOOL_CONVERSION = YES;
				CLANG_WARN_CONSTANT_CONVERSION = YES;
				CLANG_WARN_DIRECT_OBJC_ISA_USAGE = YES_ERROR;
				CLANG_WARN_EMPTY_BODY = YES;
				CLANG_WARN_ENUM_CONVERSION = YES;
				CLANG_WARN_INT_CONVERSION = YES;
				CLANG_WARN_OBJC_ROOT_CLASS = YES_ERROR;
				CLANG_WARN_UNREACHABLE_CODE = YES;
				CLANG_WARN__DUPLICATE_METHOD_MATCH = YES;
				"CODE_SIGN_IDENTITY[sdk=iphoneos*]" = "iPhone Developer";
				COPY_PHASE_STRIP = NO;
				ENABLE_STRICT_OBJC_MSGSEND = YES;
				GCC_C_LANGUAGE_STANDARD = gnu99;
				GCC_DYNAMIC_NO_PIC = NO;
				GCC_OPTIMIZATION_LEVEL = 0;
				GCC_PREPROCESSOR_DEFINITIONS = (
					"DEBUG=1",
					"$(inherited)",
				);
				GCC_SYMBOLS_PRIVATE_EXTERN = NO;
				GCC_WARN_64_TO_32_BIT_CONVERSION = YES;
				GCC_WARN_ABOUT_RETURN_TYPE = YES_ERROR;
				GCC_WARN_UNDECLARED_SELECTOR = YES;
				GCC_WARN_UNINITIALIZED_AUTOS = YES_AGGRESSIVE;
				GCC_WARN_UNUSED_FUNCTION = YES;
				GCC_WARN_UNUSED_VARIABLE = YES;
				IPHONEOS_DEPLOYMENT_TARGET = 8.1;
				MTL_ENABLE_DEBUG_INFO = YES;
				ONLY_ACTIVE_ARCH = YES;
				SDKROOT = iphoneos;
				SWIFT_OPTIMIZATION_LEVEL = "-Onone";
				TARGETED_DEVICE_FAMILY = "1,2";
			};
			name = Debug;
		};
		ACF1CA191A73B891009E2790 /* Release */ = {
			isa = XCBuildConfiguration;
			buildSettings = {
				ALWAYS_SEARCH_USER_PATHS = NO;
				CLANG_CXX_LANGUAGE_STANDARD = "gnu++0x";
				CLANG_CXX_LIBRARY = "libc++";
				CLANG_ENABLE_MODULES = YES;
				CLANG_ENABLE_OBJC_ARC = YES;
				CLANG_WARN_BOOL_CONVERSION = YES;
				CLANG_WARN_CONSTANT_CONVERSION = YES;
				CLANG_WARN_DIRECT_OBJC_ISA_USAGE = YES_ERROR;
				CLANG_WARN_EMPTY_BODY = YES;
				CLANG_WARN_ENUM_CONVERSION = YES;
				CLANG_WARN_INT_CONVERSION = YES;
				CLANG_WARN_OBJC_ROOT_CLASS = YES_ERROR;
				CLANG_WARN_UNREACHABLE_CODE = YES;
				CLANG_WARN__DUPLICATE_METHOD_MATCH = YES;
				"CODE_SIGN_IDENTITY[sdk=iphoneos*]" = "iPhone Developer";
				COPY_PHASE_STRIP = YES;
				ENABLE_NS_ASSERTIONS = NO;
				ENABLE_STRICT_OBJC_MSGSEND = YES;
				GCC_C_LANGUAGE_STANDARD = gnu99;
				GCC_WARN_64_TO_32_BIT_CONVERSION = YES;
				GCC_WARN_ABOUT_RETURN_TYPE = YES_ERROR;
				GCC_WARN_UNDECLARED_SELECTOR = YES;
				GCC_WARN_UNINITIALIZED_AUTOS = YES_AGGRESSIVE;
				GCC_WARN_UNUSED_FUNCTION = YES;
				GCC_WARN_UNUSED_VARIABLE = YES;
				IPHONEOS_DEPLOYMENT_TARGET = 8.1;
				MTL_ENABLE_DEBUG_INFO = NO;
				SDKROOT = iphoneos;
				TARGETED_DEVICE_FAMILY = "1,2";
				VALIDATE_PRODUCT = YES;
			};
			name = Release;
		};
		ACF1CA1B1A73B891009E2790 /* Debug */ = {
			isa = XCBuildConfiguration;
			buildSettings = {
				ASSETCATALOG_COMPILER_APPICON_NAME = AppIcon;
				INFOPLIST_FILE = AppContatos/Info.plist;
				LD_RUNPATH_SEARCH_PATHS = "$(inherited) @executable_path/Frameworks";
				PRODUCT_NAME = "$(TARGET_NAME)";
			};
			name = Debug;
		};
		ACF1CA1C1A73B891009E2790 /* Release */ = {
			isa = XCBuildConfiguration;
			buildSettings = {
				ASSETCATALOG_COMPILER_APPICON_NAME = AppIcon;
				INFOPLIST_FILE = AppContatos/Info.plist;
				LD_RUNPATH_SEARCH_PATHS = "$(inherited) @executable_path/Frameworks";
				PRODUCT_NAME = "$(TARGET_NAME)";
			};
			name = Release;
		};
		ACF1CA1E1A73B891009E2790 /* Debug */ = {
			isa = XCBuildConfiguration;
			buildSettings = {
				BUNDLE_LOADER = "$(TEST_HOST)";
				FRAMEWORK_SEARCH_PATHS = (
					"$(SDKROOT)/Developer/Library/Frameworks",
					"$(inherited)",
				);
				GCC_PREPROCESSOR_DEFINITIONS = (
					"DEBUG=1",
					"$(inherited)",
				);
				INFOPLIST_FILE = AppContatosTests/Info.plist;
				LD_RUNPATH_SEARCH_PATHS = "$(inherited) @executable_path/Frameworks @loader_path/Frameworks";
				PRODUCT_NAME = "$(TARGET_NAME)";
				TEST_HOST = "$(BUILT_PRODUCTS_DIR)/AppContatos.app/AppContatos";
			};
			name = Debug;
		};
		ACF1CA1F1A73B891009E2790 /* Release */ = {
			isa = XCBuildConfiguration;
			buildSettings = {
				BUNDLE_LOADER = "$(TEST_HOST)";
				FRAMEWORK_SEARCH_PATHS = (
					"$(SDKROOT)/Developer/Library/Frameworks",
					"$(inherited)",
				);
				INFOPLIST_FILE = AppContatosTests/Info.plist;
				LD_RUNPATH_SEARCH_PATHS = "$(inherited) @executable_path/Frameworks @loader_path/Frameworks";
				PRODUCT_NAME = "$(TARGET_NAME)";
				TEST_HOST = "$(BUILT_PRODUCTS_DIR)/AppContatos.app/AppContatos";
			};
			name = Release;
		};
/* End XCBuildConfiguration section */

/* Begin XCConfigurationList section */
		ACF1C9F61A73B891009E2790 /* Build configuration list for PBXProject "AppContatos" */ = {
			isa = XCConfigurationList;
			buildConfigurations = (
				ACF1CA181A73B891009E2790 /* Debug */,
				ACF1CA191A73B891009E2790 /* Release */,
			);
			defaultConfigurationIsVisible = 0;
			defaultConfigurationName = Release;
		};
		ACF1CA1A1A73B891009E2790 /* Build configuration list for PBXNativeTarget "AppContatos" */ = {
			isa = XCConfigurationList;
			buildConfigurations = (
				ACF1CA1B1A73B891009E2790 /* Debug */,
				ACF1CA1C1A73B891009E2790 /* Release */,
			);
			defaultConfigurationIsVisible = 0;
			defaultConfigurationName = Release;
		};
		ACF1CA1D1A73B891009E2790 /* Build configuration list for PBXNativeTarget "AppContatosTests" */ = {
			isa = XCConfigurationList;
			buildConfigurations = (
				ACF1CA1E1A73B891009E2790 /* Debug */,
				ACF1CA1F1A73B891009E2790 /* Release */,
			);
			defaultConfigurationIsVisible = 0;
			defaultConfigurationName = Release;
		};
/* End XCConfigurationList section */
	};
	rootObject = ACF1C9F31A73B891009E2790 /* Project object */;
}
